
Microsoft Visual Studio Solution File, Format Version 12.00
# Visual Studio Version 17
VisualStudioVersion = 17.4.33213.308
MinimumVisualStudioVersion = 10.0.40219.1
Project("{FAE04EC0-301F-11D3-BF4B-00C04F79EFBC}") = "DVT.Elevator.ConsoleApp", "DVT.Elevator.ConsoleApp\DVT.Elevator.ConsoleApp.csproj", "{07FB24D4-B973-4D33-A0BC-4E2D23D22F08}"
EndProject
Global
	GlobalSection(SolutionConfigurationPlatforms) = preSolution
		Debug|Any CPU = Debug|Any CPU
		Release|Any CPU = Release|Any CPU
	EndGlobalSection
	GlobalSection(ProjectConfigurationPlatforms) = postSolution
		{07FB24D4-B973-4D33-A0BC-4E2D23D22F08}.Debug|Any CPU.ActiveCfg = Debug|Any CPU
		{07FB24D4-B973-4D33-A0BC-4E2D23D22F08}.Debug|Any CPU.Build.0 = Debug|Any CPU
		{07FB24D4-B973-4D33-A0BC-4E2D23D22F08}.Release|Any CPU.ActiveCfg = Release|Any CPU
		{07FB24D4-B973-4D33-A0BC-4E2D23D22F08}.Release|Any CPU.Build.0 = Release|Any CPU
	EndGlobalSection
	GlobalSection(SolutionProperties) = preSolution
		HideSolutionNode = FALSE
	EndGlobalSection
	GlobalSection(ExtensibilityGlobals) = postSolution
		SolutionGuid = {47C846A1-E36B-4752-8EFD-7A20C4129C64}
	EndGlobalSection
EndGlobal
